// !$*UTF8*$!
{
	archiveVersion = 1;
	classes = {
	};
	objectVersion = 46;
	objects = {

/* Begin PBXBuildFile section */
		18A815991C3FBCEF0015016E /* AppDelegate.swift in Sources */ = {isa = PBXBuildFile; fileRef = 18A815981C3FBCEF0015016E /* AppDelegate.swift */; };
		18A8159B1C3FBCEF0015016E /* ViewController.swift in Sources */ = {isa = PBXBuildFile; fileRef = 18A8159A1C3FBCEF0015016E /* ViewController.swift */; };
		18A8159E1C3FBCEF0015016E /* Main.storyboard in Resources */ = {isa = PBXBuildFile; fileRef = 18A8159C1C3FBCEF0015016E /* Main.storyboard */; };
		18A815A01C3FBCEF0015016E /* Assets.xcassets in Resources */ = {isa = PBXBuildFile; fileRef = 18A8159F1C3FBCEF0015016E /* Assets.xcassets */; };
		18A815A31C3FBCEF0015016E /* LaunchScreen.storyboard in Resources */ = {isa = PBXBuildFile; fileRef = 18A815A11C3FBCEF0015016E /* LaunchScreen.storyboard */; };
		18A815AE1C3FBCEF0015016E /* underlineTests.swift in Sources */ = {isa = PBXBuildFile; fileRef = 18A815AD1C3FBCEF0015016E /* underlineTests.swift */; };
/* End PBXBuildFile section */

/* Begin PBXContainerItemProxy section */
		18A815AA1C3FBCEF0015016E /* PBXContainerItemProxy */ = {
			isa = PBXContainerItemProxy;
			containerPortal = 18A8158D1C3FBCEF0015016E /* Project object */;
			proxyType = 1;
			remoteGlobalIDString = 18A815941C3FBCEF0015016E;
			remoteInfo = underline;
		};
/* End PBXContainerItemProxy section */

/* Begin PBXFileReference section */
		18A815951C3FBCEF0015016E /* underline.app */ = {isa = PBXFileReference; explicitFileType = wrapper.application; includeInIndex = 0; path = underline.app; sourceTree = BUILT_PRODUCTS_DIR; };
		18A815981C3FBCEF0015016E /* AppDelegate.swift */ = {isa = PBXFileReference; lastKnownFileType = sourcecode.swift; path = AppDelegate.swift; sourceTree = "<group>"; };
		18A8159A1C3FBCEF0015016E /* ViewController.swift */ = {isa = PBXFileReference; lastKnownFileType = sourcecode.swift; path = ViewController.swift; sourceTree = "<group>"; };
		18A8159D1C3FBCEF0015016E /* Base */ = {isa = PBXFileReference; lastKnownFileType = file.storyboard; name = Base; path = Base.lproj/Main.storyboard; sourceTree = "<group>"; };
		18A8159F1C3FBCEF0015016E /* Assets.xcassets */ = {isa = PBXFileReference; lastKnownFileType = folder.assetcatalog; path = Assets.xcassets; sourceTree = "<group>"; };
		18A815A21C3FBCEF0015016E /* Base */ = {isa = PBXFileReference; lastKnownFileType = file.storyboard; name = Base; path = Base.lproj/LaunchScreen.storyboard; sourceTree = "<group>"; };
		18A815A41C3FBCEF0015016E /* Info.plist */ = {isa = PBXFileReference; lastKnownFileType = text.plist.xml; path = Info.plist; sourceTree = "<group>"; };
		18A815A91C3FBCEF0015016E /* underlineTests.xctest */ = {isa = PBXFileReference; explicitFileType = wrapper.cfbundle; includeInIndex = 0; path = underlineTests.xctest; sourceTree = BUILT_PRODUCTS_DIR; };
		18A815AD1C3FBCEF0015016E /* underlineTests.swift */ = {isa = PBXFileReference; lastKnownFileType = sourcecode.swift; path = underlineTests.swift; sourceTree = "<group>"; };
		18A815AF1C3FBCEF0015016E /* Info.plist */ = {isa = PBXFileReference; lastKnownFileType = text.plist.xml; path = Info.plist; sourceTree = "<group>"; };
/* End PBXFileReference section */

/* Begin PBXFrameworksBuildPhase section */
		18A815921C3FBCEF0015016E /* Frameworks */ = {
			isa = PBXFrameworksBuildPhase;
			buildActionMask = 2147483647;
			files = (
			);
			runOnlyForDeploymentPostprocessing = 0;
		};
		18A815A61C3FBCEF0015016E /* Frameworks */ = {
			isa = PBXFrameworksBuildPhase;
			buildActionMask = 2147483647;
			files = (
			);
			runOnlyForDeploymentPostprocessing = 0;
		};
/* End PBXFrameworksBuildPhase section */

/* Begin PBXGroup section */
		18A8158C1C3FBCEF0015016E = {
			isa = PBXGroup;
			children = (
				18A815971C3FBCEF0015016E /* underline */,
				18A815AC1C3FBCEF0015016E /* underlineTests */,
				18A815961C3FBCEF0015016E /* Products */,
			);
			sourceTree = "<group>";
		};
		18A815961C3FBCEF0015016E /* Products */ = {
			isa = PBXGroup;
			children = (
				18A815951C3FBCEF0015016E /* underline.app */,
				18A815A91C3FBCEF0015016E /* underlineTests.xctest */,
			);
			name = Products;
			sourceTree = "<group>";
		};
		18A815971C3FBCEF0015016E /* underline */ = {
			isa = PBXGroup;
			children = (
				18A815981C3FBCEF0015016E /* AppDelegate.swift */,
				18A8159A1C3FBCEF0015016E /* ViewController.swift */,
				18A8159C1C3FBCEF0015016E /* Main.storyboard */,
				18A8159F1C3FBCEF0015016E /* Assets.xcassets */,
				18A815A11C3FBCEF0015016E /* LaunchScreen.storyboard */,
				18A815A41C3FBCEF0015016E /* Info.plist */,
			);
			path = underline;
			sourceTree = "<group>";
		};
		18A815AC1C3FBCEF0015016E /* underlineTests */ = {
			isa = PBXGroup;
			children = (
				18A815AD1C3FBCEF0015016E /* underlineTests.swift */,
				18A815AF1C3FBCEF0015016E /* Info.plist */,
			);
			path = underlineTests;
			sourceTree = "<group>";
		};
/* End PBXGroup section */

/* Begin PBXNativeTarget section */
		18A815941C3FBCEF0015016E /* underline */ = {
			isa = PBXNativeTarget;
			buildConfigurationList = 18A815B21C3FBCEF0015016E /* Build configuration list for PBXNativeTarget "underline" */;
			buildPhases = (
				18A815911C3FBCEF0015016E /* Sources */,
				18A815921C3FBCEF0015016E /* Frameworks */,
				18A815931C3FBCEF0015016E /* Resources */,
			);
			buildRules = (
			);
			dependencies = (
			);
			name = underline;
			productName = underline;
			productReference = 18A815951C3FBCEF0015016E /* underline.app */;
			productType = "com.apple.product-type.application";
		};
		18A815A81C3FBCEF0015016E /* underlineTests */ = {
			isa = PBXNativeTarget;
			buildConfigurationList = 18A815B51C3FBCEF0015016E /* Build configuration list for PBXNativeTarget "underlineTests" */;
			buildPhases = (
				18A815A51C3FBCEF0015016E /* Sources */,
				18A815A61C3FBCEF0015016E /* Frameworks */,
				18A815A71C3FBCEF0015016E /* Resources */,
			);
			buildRules = (
			);
			dependencies = (
				18A815AB1C3FBCEF0015016E /* PBXTargetDependency */,
			);
			name = underlineTests;
			productName = underlineTests;
			productReference = 18A815A91C3FBCEF0015016E /* underlineTests.xctest */;
			productType = "com.apple.product-type.bundle.unit-test";
		};
/* End PBXNativeTarget section */

/* Begin PBXProject section */
		18A8158D1C3FBCEF0015016E /* Project object */ = {
			isa = PBXProject;
			attributes = {
				LastSwiftUpdateCheck = 0720;
				LastUpgradeCheck = 0720;
				ORGANIZATIONNAME = www.ixx.com;
				TargetAttributes = {
					18A815941C3FBCEF0015016E = {
						CreatedOnToolsVersion = 7.2;
						DevelopmentTeam = E3W978E6BM;
					};
					18A815A81C3FBCEF0015016E = {
						CreatedOnToolsVersion = 7.2;
						DevelopmentTeam = E3W978E6BM;
						TestTargetID = 18A815941C3FBCEF0015016E;
					};
				};
			};
			buildConfigurationList = 18A815901C3FBCEF0015016E /* Build configuration list for PBXProject "underline" */;
			compatibilityVersion = "Xcode 3.2";
			developmentRegion = English;
			hasScannedForEncodings = 0;
			knownRegions = (
				en,
				Base,
			);
			mainGroup = 18A8158C1C3FBCEF0015016E;
			productRefGroup = 18A815961C3FBCEF0015016E /* Products */;
			projectDirPath = "";
			projectRoot = "";
			targets = (
				18A815941C3FBCEF0015016E /* underline */,
				18A815A81C3FBCEF0015016E /* underlineTests */,
			);
		};
/* End PBXProject section */

/* Begin PBXResourcesBuildPhase section */
		18A815931C3FBCEF0015016E /* Resources */ = {
			isa = PBXResourcesBuildPhase;
			buildActionMask = 2147483647;
			files = (
				18A815A31C3FBCEF0015016E /* LaunchScreen.storyboard in Resources */,
				18A815A01C3FBCEF0015016E /* Assets.xcassets in Resources */,
				18A8159E1C3FBCEF0015016E /* Main.storyboard in Resources */,
			);
			runOnlyForDeploymentPostprocessing = 0;
		};
		18A815A71C3FBCEF0015016E /* Resources */ = {
			isa = PBXResourcesBuildPhase;
			buildActionMask = 2147483647;
			files = (
			);
			runOnlyForDeploymentPostprocessing = 0;
		};
/* End PBXResourcesBuildPhase section */

/* Begin PBXSourcesBuildPhase section */
		18A815911C3FBCEF0015016E /* Sources */ = {
			isa = PBXSourcesBuildPhase;
			buildActionMask = 2147483647;
			files = (
				18A8159B1C3FBCEF0015016E /* ViewController.swift in Sources */,
				18A815991C3FBCEF0015016E /* AppDelegate.swift in Sources */,
			);
			runOnlyForDeploymentPostprocessing = 0;
		};
		18A815A51C3FBCEF0015016E /* Sources */ = {
			isa = PBXSourcesBuildPhase;
			buildActionMask = 2147483647;
			files = (
				18A815AE1C3FBCEF0015016E /* underlineTests.swift in Sources */,
			);
			runOnlyForDeploymentPostprocessing = 0;
		};
/* End PBXSourcesBuildPhase section */

/* Begin PBXTargetDependency section */
		18A815AB1C3FBCEF0015016E /* PBXTargetDependency */ = {
			isa = PBXTargetDependency;
			target = 18A815941C3FBCEF0015016E /* underline */;
			targetProxy = 18A815AA1C3FBCEF0015016E /* PBXContainerItemProxy */;
		};
/* End PBXTargetDependency section */

/* Begin PBXVariantGroup section */
		18A8159C1C3FBCEF0015016E /* Main.storyboard */ = {
			isa = PBXVariantGroup;
			children = (
				18A8159D1C3FBCEF0015016E /* Base */,
			);
			name = Main.storyboard;
			sourceTree = "<group>";
		};
		18A815A11C3FBCEF0015016E /* LaunchScreen.storyboard */ = {
			isa = PBXVariantGroup;
			children = (
				18A815A21C3FBCEF0015016E /* Base */,
			);
			name = LaunchScreen.storyboard;
			sourceTree = "<group>";
		};
/* End PBXVariantGroup section */

/* Begin XCBuildConfiguration section */
		18A815B01C3FBCEF0015016E /* Debug */ = {
			isa = XCBuildConfiguration;
			buildSettings = {
				ALWAYS_SEARCH_USER_PATHS = NO;
				CLANG_CXX_LANGUAGE_STANDARD = "gnu++0x";
				CLANG_CXX_LIBRARY = "libc++";
				CLANG_ENABLE_MODULES = YES;
				CLANG_ENABLE_OBJC_ARC = YES;
				CLANG_WARN_BOOL_CONVERSION = YES;
				CLANG_WARN_CONSTANT_CONVERSION = YES;
				CLANG_WARN_DIRECT_OBJC_ISA_USAGE = YES_ERROR;
				CLANG_WARN_EMPTY_BODY = YES;
				CLANG_WARN_ENUM_CONVERSION = YES;
				CLANG_WARN_INT_CONVERSION = YES;
				CLANG_WARN_OBJC_ROOT_CLASS = YES_ERROR;
				CLANG_WARN_UNREACHABLE_CODE = YES;
				CLANG_WARN__DUPLICATE_METHOD_MATCH = YES;
				"CODE_SIGN_IDENTITY[sdk=iphoneos*]" = "iPhone Developer";
				COPY_PHASE_STRIP = NO;
				DEBUG_INFORMATION_FORMAT = dwarf;
				ENABLE_STRICT_OBJC_MSGSEND = YES;
				ENABLE_TESTABILITY = YES;
				GCC_C_LANGUAGE_STANDARD = gnu99;
				GCC_DYNAMIC_NO_PIC = NO;
				GCC_NO_COMMON_BLOCKS = YES;
				GCC_OPTIMIZATION_LEVEL = 0;
				GCC_PREPROCESSOR_DEFINITIONS = (
					"DEBUG=1",
					"$(inherited)",
				);
				GCC_WARN_64_TO_32_BIT_CONVERSION = YES;
				GCC_WARN_ABOUT_RETURN_TYPE = YES_ERROR;
				GCC_WARN_UNDECLARED_SELECTOR = YES;
				GCC_WARN_UNINITIALIZED_AUTOS = YES_AGGRESSIVE;
				GCC_WARN_UNUSED_FUNCTION = YES;
				GCC_WARN_UNUSED_VARIABLE = YES;
				IPHONEOS_DEPLOYMENT_TARGET = 9.2;
				MTL_ENABLE_DEBUG_INFO = YES;
				ONLY_ACTIVE_ARCH = YES;
				SDKROOT = iphoneos;
				SWIFT_OPTIMIZATION_LEVEL = "-Onone";
			};
			name = Debug;
		};
		18A815B11C3FBCEF0015016E /* Release */ = {
			isa = XCBuildConfiguration;
			buildSettings = {
				ALWAYS_SEARCH_USER_PATHS = NO;
				CLANG_CXX_LANGUAGE_STANDARD = "gnu++0x";
				CLANG_CXX_LIBRARY = "libc++";
				CLANG_ENABLE_MODULES = YES;
				CLANG_ENABLE_OBJC_ARC = YES;
				CLANG_WARN_BOOL_CONVERSION = YES;
				CLANG_WARN_CONSTANT_CONVERSION = YES;
				CLANG_WARN_DIRECT_OBJC_ISA_USAGE = YES_ERROR;
				CLANG_WARN_EMPTY_BODY = YES;
				CLANG_WARN_ENUM_CONVERSION = YES;
				CLANG_WARN_INT_CONVERSION = YES;
				CLANG_WARN_OBJC_ROOT_CLASS = YES_ERROR;
				CLANG_WARN_UNREACHABLE_CODE = YES;
				CLANG_WARN__DUPLICATE_METHOD_MATCH = YES;
				"CODE_SIGN_IDENTITY[sdk=iphoneos*]" = "iPhone Developer";
				COPY_PHASE_STRIP = NO;
				DEBUG_INFORMATION_FORMAT = "dwarf-with-dsym";
				ENABLE_NS_ASSERTIONS = NO;
				ENABLE_STRICT_OBJC_MSGSEND = YES;
				GCC_C_LANGUAGE_STANDARD = gnu99;
				GCC_NO_COMMON_BLOCKS = YES;
				GCC_WARN_64_TO_32_BIT_CONVERSION = YES;
				GCC_WARN_ABOUT_RETURN_TYPE = YES_ERROR;
				GCC_WARN_UNDECLARED_SELECTOR = YES;
				GCC_WARN_UNINITIALIZED_AUTOS = YES_AGGRESSIVE;
				GCC_WARN_UNUSED_FUNCTION = YES;
				GCC_WARN_UNUSED_VARIABLE = YES;
				IPHONEOS_DEPLOYMENT_TARGET = 9.2;
				MTL_ENABLE_DEBUG_INFO = NO;
				SDKROOT = iphoneos;
				VALIDATE_PRODUCT = YES;
			};
			name = Release;
		};
		18A815B31C3FBCEF0015016E /* Debug */ = {
			isa = XCBuildConfiguration;
			buildSettings = {
				ASSETCATALOG_COMPILER_APPICON_NAME = AppIcon;
				INFOPLIST_FILE = underline/Info.plist;
				LD_RUNPATH_SEARCH_PATHS = "$(inherited) @executable_path/Frameworks";
				PRODUCT_BUNDLE_IDENTIFIER = com.ixx.underline;
				PRODUCT_NAME = "$(TARGET_NAME)";
			};
			name = Debug;
		};
		18A815B41C3FBCEF0015016E /* Release */ = {
			isa = XCBuildConfiguration;
			buildSettings = {
				ASSETCATALOG_COMPILER_APPICON_NAME = AppIcon;
				INFOPLIST_FILE = underline/Info.plist;
				LD_RUNPATH_SEARCH_PATHS = "$(inherited) @executable_path/Frameworks";
				PRODUCT_BUNDLE_IDENTIFIER = com.ixx.underline;
				PRODUCT_NAME = "$(TARGET_NAME)";
			};
			name = Release;
		};
		18A815B61C3FBCEF0015016E /* Debug */ = {
			isa = XCBuildConfiguration;
			buildSettings = {
				BUNDLE_LOADER = "$(TEST_HOST)";
				INFOPLIST_FILE = underlineTests/Info.plist;
				LD_RUNPATH_SEARCH_PATHS = "$(inherited) @executable_path/Frameworks @loader_path/Frameworks";
				PRODUCT_BUNDLE_IDENTIFIER = com.ixx.underlineTests;
				PRODUCT_NAME = "$(TARGET_NAME)";
				TEST_HOST = "$(BUILT_PRODUCTS_DIR)/underline.app/underline";
			};
			name = Debug;
		};
		18A815B71C3FBCEF0015016E /* Release */ = {
			isa = XCBuildConfiguration;
			buildSettings = {
				BUNDLE_LOADER = "$(TEST_HOST)";
				INFOPLIST_FILE = underlineTests/Info.plist;
				LD_RUNPATH_SEARCH_PATHS = "$(inherited) @executable_path/Frameworks @loader_path/Frameworks";
				PRODUCT_BUNDLE_IDENTIFIER = com.ixx.underlineTests;
				PRODUCT_NAME = "$(TARGET_NAME)";
				TEST_HOST = "$(BUILT_PRODUCTS_DIR)/underline.app/underline";
			};
			name = Release;
		};
/* End XCBuildConfiguration section */

/* Begin XCConfigurationList section */
		18A815901C3FBCEF0015016E /* Build configuration list for PBXProject "underline" */ = {
			isa = XCConfigurationList;
			buildConfigurations = (
				18A815B01C3FBCEF0015016E /* Debug */,
				18A815B11C3FBCEF0015016E /* Release */,
			);
			defaultConfigurationIsVisible = 0;
			defaultConfigurationName = Release;
		};
		18A815B21C3FBCEF0015016E /* Build configuration list for PBXNativeTarget "underline" */ = {
			isa = XCConfigurationList;
			buildConfigurations = (
				18A815B31C3FBCEF0015016E /* Debug */,
				18A815B41C3FBCEF0015016E /* Release */,
			);
			defaultConfigurationIsVisible = 0;
		};
		18A815B51C3FBCEF0015016E /* Build configuration list for PBXNativeTarget "underlineTests" */ = {
			isa = XCConfigurationList;
			buildConfigurations = (
				18A815B61C3FBCEF0015016E /* Debug */,
				18A815B71C3FBCEF0015016E /* Release */,
			);
			defaultConfigurationIsVisible = 0;
		};
/* End XCConfigurationList section */
	};
	rootObject = 18A8158D1C3FBCEF0015016E /* Project object */;
}
